// !$*UTF8*$!
{
	archiveVersion = 1;
	classes = {
	};
	objectVersion = 46;
	objects = {

/* Begin PBXBuildFile section */
		A8BE15FE1A83772200561A2E /* crosshair.png in Resources */ = {isa = PBXBuildFile; fileRef = A8BE15FD1A83772200561A2E /* crosshair.png */; };
		A8BE16001A85D8CD00561A2E /* CameraController.swift in Sources */ = {isa = PBXBuildFile; fileRef = A8BE15FF1A85D8CD00561A2E /* CameraController.swift */; };
		A8BE16021A85F73E00561A2E /* FaceDetection.swift in Sources */ = {isa = PBXBuildFile; fileRef = A8BE16011A85F73E00561A2E /* FaceDetection.swift */; };
		A8F420FF1A83350800BDD132 /* AppDelegate.swift in Sources */ = {isa = PBXBuildFile; fileRef = A8F420FE1A83350800BDD132 /* AppDelegate.swift */; };
		A8F421011A83350800BDD132 /* ViewController.swift in Sources */ = {isa = PBXBuildFile; fileRef = A8F421001A83350800BDD132 /* ViewController.swift */; };
		A8F421041A83350800BDD132 /* Main.storyboard in Resources */ = {isa = PBXBuildFile; fileRef = A8F421021A83350800BDD132 /* Main.storyboard */; };
		A8F421061A83350800BDD132 /* Images.xcassets in Resources */ = {isa = PBXBuildFile; fileRef = A8F421051A83350800BDD132 /* Images.xcassets */; };
		A8F421091A83350800BDD132 /* LaunchScreen.xib in Resources */ = {isa = PBXBuildFile; fileRef = A8F421071A83350800BDD132 /* LaunchScreen.xib */; };
		A8F421151A83350800BDD132 /* SnowmanTests.swift in Sources */ = {isa = PBXBuildFile; fileRef = A8F421141A83350800BDD132 /* SnowmanTests.swift */; };
		A8F421281A83559700BDD132 /* FacebookSDK.framework in Frameworks */ = {isa = PBXBuildFile; fileRef = A8F421271A83559700BDD132 /* FacebookSDK.framework */; };
/* End PBXBuildFile section */

/* Begin PBXContainerItemProxy section */
		A8F4210F1A83350800BDD132 /* PBXContainerItemProxy */ = {
			isa = PBXContainerItemProxy;
			containerPortal = A8F420F11A83350800BDD132 /* Project object */;
			proxyType = 1;
			remoteGlobalIDString = A8F420F81A83350800BDD132;
			remoteInfo = Snowman;
		};
/* End PBXContainerItemProxy section */

/* Begin PBXFileReference section */
		A8BE15FD1A83772200561A2E /* crosshair.png */ = {isa = PBXFileReference; lastKnownFileType = image.png; name = crosshair.png; path = ../crosshair.png; sourceTree = "<group>"; };
		A8BE15FF1A85D8CD00561A2E /* CameraController.swift */ = {isa = PBXFileReference; fileEncoding = 4; lastKnownFileType = sourcecode.swift; path = CameraController.swift; sourceTree = "<group>"; };
		A8BE16011A85F73E00561A2E /* FaceDetection.swift */ = {isa = PBXFileReference; fileEncoding = 4; lastKnownFileType = sourcecode.swift; path = FaceDetection.swift; sourceTree = "<group>"; };
		A8F420F91A83350800BDD132 /* Snowman.app */ = {isa = PBXFileReference; explicitFileType = wrapper.application; includeInIndex = 0; path = Snowman.app; sourceTree = BUILT_PRODUCTS_DIR; };
		A8F420FD1A83350800BDD132 /* Info.plist */ = {isa = PBXFileReference; lastKnownFileType = text.plist.xml; path = Info.plist; sourceTree = "<group>"; };
		A8F420FE1A83350800BDD132 /* AppDelegate.swift */ = {isa = PBXFileReference; lastKnownFileType = sourcecode.swift; path = AppDelegate.swift; sourceTree = "<group>"; };
		A8F421001A83350800BDD132 /* ViewController.swift */ = {isa = PBXFileReference; lastKnownFileType = sourcecode.swift; path = ViewController.swift; sourceTree = "<group>"; };
		A8F421031A83350800BDD132 /* Base */ = {isa = PBXFileReference; lastKnownFileType = file.storyboard; name = Base; path = Base.lproj/Main.storyboard; sourceTree = "<group>"; };
		A8F421051A83350800BDD132 /* Images.xcassets */ = {isa = PBXFileReference; lastKnownFileType = folder.assetcatalog; path = Images.xcassets; sourceTree = "<group>"; };
		A8F421081A83350800BDD132 /* Base */ = {isa = PBXFileReference; lastKnownFileType = file.xib; name = Base; path = Base.lproj/LaunchScreen.xib; sourceTree = "<group>"; };
		A8F4210E1A83350800BDD132 /* SnowmanTests.xctest */ = {isa = PBXFileReference; explicitFileType = wrapper.cfbundle; includeInIndex = 0; path = SnowmanTests.xctest; sourceTree = BUILT_PRODUCTS_DIR; };
		A8F421131A83350800BDD132 /* Info.plist */ = {isa = PBXFileReference; lastKnownFileType = text.plist.xml; path = Info.plist; sourceTree = "<group>"; };
		A8F421141A83350800BDD132 /* SnowmanTests.swift */ = {isa = PBXFileReference; lastKnownFileType = sourcecode.swift; path = SnowmanTests.swift; sourceTree = "<group>"; };
		A8F421241A8342BE00BDD132 /* Bridge-Header.h */ = {isa = PBXFileReference; lastKnownFileType = sourcecode.c.h; path = "Bridge-Header.h"; sourceTree = "<group>"; };
		A8F421271A83559700BDD132 /* FacebookSDK.framework */ = {isa = PBXFileReference; lastKnownFileType = wrapper.framework; path = FacebookSDK.framework; sourceTree = "<group>"; };
/* End PBXFileReference section */

/* Begin PBXFrameworksBuildPhase section */
		A8F420F61A83350800BDD132 /* Frameworks */ = {
			isa = PBXFrameworksBuildPhase;
			buildActionMask = 2147483647;
			files = (
				A8F421281A83559700BDD132 /* FacebookSDK.framework in Frameworks */,
			);
			runOnlyForDeploymentPostprocessing = 0;
		};
		A8F4210B1A83350800BDD132 /* Frameworks */ = {
			isa = PBXFrameworksBuildPhase;
			buildActionMask = 2147483647;
			files = (
			);
			runOnlyForDeploymentPostprocessing = 0;
		};
/* End PBXFrameworksBuildPhase section */

/* Begin PBXGroup section */
		A8F420F01A83350800BDD132 = {
			isa = PBXGroup;
			children = (
				A8F420FB1A83350800BDD132 /* Snowman */,
				A8F421111A83350800BDD132 /* SnowmanTests */,
				A8F420FA1A83350800BDD132 /* Products */,
				A8F421211A8337F300BDD132 /* Frameworks */,
			);
			sourceTree = "<group>";
		};
		A8F420FA1A83350800BDD132 /* Products */ = {
			isa = PBXGroup;
			children = (
				A8F420F91A83350800BDD132 /* Snowman.app */,
				A8F4210E1A83350800BDD132 /* SnowmanTests.xctest */,
			);
			name = Products;
			sourceTree = "<group>";
		};
		A8F420FB1A83350800BDD132 /* Snowman */ = {
			isa = PBXGroup;
			children = (
				A8F420FE1A83350800BDD132 /* AppDelegate.swift */,
				A8F421001A83350800BDD132 /* ViewController.swift */,
				A8F421241A8342BE00BDD132 /* Bridge-Header.h */,
				A8F421021A83350800BDD132 /* Main.storyboard */,
				A8BE15FF1A85D8CD00561A2E /* CameraController.swift */,
				A8BE16011A85F73E00561A2E /* FaceDetection.swift */,
				A8F421051A83350800BDD132 /* Images.xcassets */,
				A8F421071A83350800BDD132 /* LaunchScreen.xib */,
				A8F420FC1A83350800BDD132 /* Supporting Files */,
			);
			path = Snowman;
			sourceTree = "<group>";
		};
		A8F420FC1A83350800BDD132 /* Supporting Files */ = {
			isa = PBXGroup;
			children = (
				A8BE15FD1A83772200561A2E /* crosshair.png */,
				A8F420FD1A83350800BDD132 /* Info.plist */,
			);
			name = "Supporting Files";
			sourceTree = "<group>";
		};
		A8F421111A83350800BDD132 /* SnowmanTests */ = {
			isa = PBXGroup;
			children = (
				A8F421141A83350800BDD132 /* SnowmanTests.swift */,
				A8F421121A83350800BDD132 /* Supporting Files */,
			);
			path = SnowmanTests;
			sourceTree = "<group>";
		};
		A8F421121A83350800BDD132 /* Supporting Files */ = {
			isa = PBXGroup;
			children = (
				A8F421131A83350800BDD132 /* Info.plist */,
			);
			name = "Supporting Files";
			sourceTree = "<group>";
		};
		A8F421211A8337F300BDD132 /* Frameworks */ = {
			isa = PBXGroup;
			children = (
				A8F421271A83559700BDD132 /* FacebookSDK.framework */,
			);
			name = Frameworks;
			sourceTree = "<group>";
		};
/* End PBXGroup section */

/* Begin PBXNativeTarget section */
		A8F420F81A83350800BDD132 /* Snowman */ = {
			isa = PBXNativeTarget;
			buildConfigurationList = A8F421181A83350800BDD132 /* Build configuration list for PBXNativeTarget "Snowman" */;
			buildPhases = (
				A8F420F51A83350800BDD132 /* Sources */,
				A8F420F61A83350800BDD132 /* Frameworks */,
				A8F420F71A83350800BDD132 /* Resources */,
			);
			buildRules = (
			);
			dependencies = (
			);
			name = Snowman;
			productName = Snowman;
			productReference = A8F420F91A83350800BDD132 /* Snowman.app */;
			productType = "com.apple.product-type.application";
		};
		A8F4210D1A83350800BDD132 /* SnowmanTests */ = {
			isa = PBXNativeTarget;
			buildConfigurationList = A8F4211B1A83350800BDD132 /* Build configuration list for PBXNativeTarget "SnowmanTests" */;
			buildPhases = (
				A8F4210A1A83350800BDD132 /* Sources */,
				A8F4210B1A83350800BDD132 /* Frameworks */,
				A8F4210C1A83350800BDD132 /* Resources */,
			);
			buildRules = (
			);
			dependencies = (
				A8F421101A83350800BDD132 /* PBXTargetDependency */,
			);
			name = SnowmanTests;
			productName = SnowmanTests;
			productReference = A8F4210E1A83350800BDD132 /* SnowmanTests.xctest */;
			productType = "com.apple.product-type.bundle.unit-test";
		};
/* End PBXNativeTarget section */

/* Begin PBXProject section */
		A8F420F11A83350800BDD132 /* Project object */ = {
			isa = PBXProject;
			attributes = {
				LastUpgradeCheck = 0610;
				ORGANIZATIONNAME = com.thesyedahmed;
				TargetAttributes = {
					A8F420F81A83350800BDD132 = {
						CreatedOnToolsVersion = 6.1.1;
						DevelopmentTeam = 2S3D8J8M3T;
					};
					A8F4210D1A83350800BDD132 = {
						CreatedOnToolsVersion = 6.1.1;
						TestTargetID = A8F420F81A83350800BDD132;
					};
				};
			};
			buildConfigurationList = A8F420F41A83350800BDD132 /* Build configuration list for PBXProject "Snowman" */;
			compatibilityVersion = "Xcode 3.2";
			developmentRegion = English;
			hasScannedForEncodings = 0;
			knownRegions = (
				en,
				Base,
			);
			mainGroup = A8F420F01A83350800BDD132;
			productRefGroup = A8F420FA1A83350800BDD132 /* Products */;
			projectDirPath = "";
			projectRoot = "";
			targets = (
				A8F420F81A83350800BDD132 /* Snowman */,
				A8F4210D1A83350800BDD132 /* SnowmanTests */,
			);
		};
/* End PBXProject section */

/* Begin PBXResourcesBuildPhase section */
		A8F420F71A83350800BDD132 /* Resources */ = {
			isa = PBXResourcesBuildPhase;
			buildActionMask = 2147483647;
			files = (
				A8F421041A83350800BDD132 /* Main.storyboard in Resources */,
				A8F421091A83350800BDD132 /* LaunchScreen.xib in Resources */,
				A8BE15FE1A83772200561A2E /* crosshair.png in Resources */,
				A8F421061A83350800BDD132 /* Images.xcassets in Resources */,
			);
			runOnlyForDeploymentPostprocessing = 0;
		};
		A8F4210C1A83350800BDD132 /* Resources */ = {
			isa = PBXResourcesBuildPhase;
			buildActionMask = 2147483647;
			files = (
			);
			runOnlyForDeploymentPostprocessing = 0;
		};
/* End PBXResourcesBuildPhase section */

/* Begin PBXSourcesBuildPhase section */
		A8F420F51A83350800BDD132 /* Sources */ = {
			isa = PBXSourcesBuildPhase;
			buildActionMask = 2147483647;
			files = (
				A8BE16021A85F73E00561A2E /* FaceDetection.swift in Sources */,
				A8BE16001A85D8CD00561A2E /* CameraController.swift in Sources */,
				A8F421011A83350800BDD132 /* ViewController.swift in Sources */,
				A8F420FF1A83350800BDD132 /* AppDelegate.swift in Sources */,
			);
			runOnlyForDeploymentPostprocessing = 0;
		};
		A8F4210A1A83350800BDD132 /* Sources */ = {
			isa = PBXSourcesBuildPhase;
			buildActionMask = 2147483647;
			files = (
				A8F421151A83350800BDD132 /* SnowmanTests.swift in Sources */,
			);
			runOnlyForDeploymentPostprocessing = 0;
		};
/* End PBXSourcesBuildPhase section */

/* Begin PBXTargetDependency section */
		A8F421101A83350800BDD132 /* PBXTargetDependency */ = {
			isa = PBXTargetDependency;
			target = A8F420F81A83350800BDD132 /* Snowman */;
			targetProxy = A8F4210F1A83350800BDD132 /* PBXContainerItemProxy */;
		};
/* End PBXTargetDependency section */

/* Begin PBXVariantGroup section */
		A8F421021A83350800BDD132 /* Main.storyboard */ = {
			isa = PBXVariantGroup;
			children = (
				A8F421031A83350800BDD132 /* Base */,
			);
			name = Main.storyboard;
			sourceTree = "<group>";
		};
		A8F421071A83350800BDD132 /* LaunchScreen.xib */ = {
			isa = PBXVariantGroup;
			children = (
				A8F421081A83350800BDD132 /* Base */,
			);
			name = LaunchScreen.xib;
			sourceTree = "<group>";
		};
/* End PBXVariantGroup section */

/* Begin XCBuildConfiguration section */
		A8F421161A83350800BDD132 /* Debug */ = {
			isa = XCBuildConfiguration;
			buildSettings = {
				ALWAYS_SEARCH_USER_PATHS = NO;
				CLANG_CXX_LANGUAGE_STANDARD = "gnu++0x";
				CLANG_CXX_LIBRARY = "libc++";
				CLANG_ENABLE_MODULES = YES;
				CLANG_ENABLE_OBJC_ARC = YES;
				CLANG_WARN_BOOL_CONVERSION = YES;
				CLANG_WARN_CONSTANT_CONVERSION = YES;
				CLANG_WARN_DIRECT_OBJC_ISA_USAGE = YES_ERROR;
				CLANG_WARN_EMPTY_BODY = YES;
				CLANG_WARN_ENUM_CONVERSION = YES;
				CLANG_WARN_INT_CONVERSION = YES;
				CLANG_WARN_OBJC_ROOT_CLASS = YES_ERROR;
				CLANG_WARN_UNREACHABLE_CODE = YES;
				CLANG_WARN__DUPLICATE_METHOD_MATCH = YES;
				"CODE_SIGN_IDENTITY[sdk=iphoneos*]" = "iPhone Developer";
				COPY_PHASE_STRIP = NO;
				ENABLE_STRICT_OBJC_MSGSEND = YES;
				GCC_C_LANGUAGE_STANDARD = gnu99;
				GCC_DYNAMIC_NO_PIC = NO;
				GCC_OPTIMIZATION_LEVEL = 0;
				GCC_PREPROCESSOR_DEFINITIONS = (
					"DEBUG=1",
					"$(inherited)",
				);
				GCC_SYMBOLS_PRIVATE_EXTERN = NO;
				GCC_WARN_64_TO_32_BIT_CONVERSION = YES;
				GCC_WARN_ABOUT_RETURN_TYPE = YES_ERROR;
				GCC_WARN_UNDECLARED_SELECTOR = YES;
				GCC_WARN_UNINITIALIZED_AUTOS = YES_AGGRESSIVE;
				GCC_WARN_UNUSED_FUNCTION = YES;
				GCC_WARN_UNUSED_VARIABLE = YES;
				IPHONEOS_DEPLOYMENT_TARGET = 8.1;
				MTL_ENABLE_DEBUG_INFO = YES;
				ONLY_ACTIVE_ARCH = YES;
				SDKROOT = iphoneos;
				SWIFT_OPTIMIZATION_LEVEL = "-Onone";
			};
			name = Debug;
		};
		A8F421171A83350800BDD132 /* Release */ = {
			isa = XCBuildConfiguration;
			buildSettings = {
				ALWAYS_SEARCH_USER_PATHS = NO;
				CLANG_CXX_LANGUAGE_STANDARD = "gnu++0x";
				CLANG_CXX_LIBRARY = "libc++";
				CLANG_ENABLE_MODULES = YES;
				CLANG_ENABLE_OBJC_ARC = YES;
				CLANG_WARN_BOOL_CONVERSION = YES;
				CLANG_WARN_CONSTANT_CONVERSION = YES;
				CLANG_WARN_DIRECT_OBJC_ISA_USAGE = YES_ERROR;
				CLANG_WARN_EMPTY_BODY = YES;
				CLANG_WARN_ENUM_CONVERSION = YES;
				CLANG_WARN_INT_CONVERSION = YES;
				CLANG_WARN_OBJC_ROOT_CLASS = YES_ERROR;
				CLANG_WARN_UNREACHABLE_CODE = YES;
				CLANG_WARN__DUPLICATE_METHOD_MATCH = YES;
				"CODE_SIGN_IDENTITY[sdk=iphoneos*]" = "iPhone Developer";
				COPY_PHASE_STRIP = YES;
				ENABLE_NS_ASSERTIONS = NO;
				ENABLE_STRICT_OBJC_MSGSEND = YES;
				GCC_C_LANGUAGE_STANDARD = gnu99;
				GCC_WARN_64_TO_32_BIT_CONVERSION = YES;
				GCC_WARN_ABOUT_RETURN_TYPE = YES_ERROR;
				GCC_WARN_UNDECLARED_SELECTOR = YES;
				GCC_WARN_UNINITIALIZED_AUTOS = YES_AGGRESSIVE;
				GCC_WARN_UNUSED_FUNCTION = YES;
				GCC_WARN_UNUSED_VARIABLE = YES;
				IPHONEOS_DEPLOYMENT_TARGET = 8.1;
				MTL_ENABLE_DEBUG_INFO = NO;
				SDKROOT = iphoneos;
				VALIDATE_PRODUCT = YES;
			};
			name = Release;
		};
		A8F421191A83350800BDD132 /* Debug */ = {
			isa = XCBuildConfiguration;
			buildSettings = {
				ASSETCATALOG_COMPILER_APPICON_NAME = AppIcon;
				CODE_SIGN_IDENTITY = "iPhone Developer";
				"CODE_SIGN_IDENTITY[sdk=iphoneos*]" = "iPhone Developer";
				FRAMEWORK_SEARCH_PATHS = (
					"$(inherited)",
					/Users/challenge/Documents/FacebookSDK,
					"$(PROJECT_DIR)",
				);
				INFOPLIST_FILE = Snowman/Info.plist;
				LD_RUNPATH_SEARCH_PATHS = "$(inherited) @executable_path/Frameworks";
				PRODUCT_NAME = "$(TARGET_NAME)";
				PROVISIONING_PROFILE = "";
				SWIFT_OBJC_BRIDGING_HEADER = "Snowman/Bridge-Header.h";
			};
			name = Debug;
		};
		A8F4211A1A83350800BDD132 /* Release */ = {
			isa = XCBuildConfiguration;
			buildSettings = {
				ASSETCATALOG_COMPILER_APPICON_NAME = AppIcon;
				CODE_SIGN_IDENTITY = "iPhone Developer";
				"CODE_SIGN_IDENTITY[sdk=iphoneos*]" = "iPhone Developer";
				FRAMEWORK_SEARCH_PATHS = (
					"$(inherited)",
					/Users/challenge/Documents/FacebookSDK,
					"$(PROJECT_DIR)",
				);
				INFOPLIST_FILE = Snowman/Info.plist;
				LD_RUNPATH_SEARCH_PATHS = "$(inherited) @executable_path/Frameworks";
				PRODUCT_NAME = "$(TARGET_NAME)";
				PROVISIONING_PROFILE = "";
				SWIFT_OBJC_BRIDGING_HEADER = "Snowman/Bridge-Header.h";
			};
			name = Release;
		};
		A8F4211C1A83350800BDD132 /* Debug */ = {
			isa = XCBuildConfiguration;
			buildSettings = {
				BUNDLE_LOADER = "$(TEST_HOST)";
				FRAMEWORK_SEARCH_PATHS = (
					"$(SDKROOT)/Developer/Library/Frameworks",
					"$(inherited)",
				);
				GCC_PREPROCESSOR_DEFINITIONS = (
					"DEBUG=1",
					"$(inherited)",
				);
				INFOPLIST_FILE = SnowmanTests/Info.plist;
				LD_RUNPATH_SEARCH_PATHS = "$(inherited) @executable_path/Frameworks @loader_path/Frameworks";
				PRODUCT_NAME = "$(TARGET_NAME)";
				TEST_HOST = "$(BUILT_PRODUCTS_DIR)/Snowman.app/Snowman";
			};
			name = Debug;
		};
		A8F4211D1A83350800BDD132 /* Release */ = {
			isa = XCBuildConfiguration;
			buildSettings = {
				BUNDLE_LOADER = "$(TEST_HOST)";
				FRAMEWORK_SEARCH_PATHS = (
					"$(SDKROOT)/Developer/Library/Frameworks",
					"$(inherited)",
				);
				INFOPLIST_FILE = SnowmanTests/Info.plist;
				LD_RUNPATH_SEARCH_PATHS = "$(inherited) @executable_path/Frameworks @loader_path/Frameworks";
				PRODUCT_NAME = "$(TARGET_NAME)";
				TEST_HOST = "$(BUILT_PRODUCTS_DIR)/Snowman.app/Snowman";
			};
			name = Release;
		};
/* End XCBuildConfiguration section */

/* Begin XCConfigurationList section */
		A8F420F41A83350800BDD132 /* Build configuration list for PBXProject "Snowman" */ = {
			isa = XCConfigurationList;
			buildConfigurations = (
				A8F421161A83350800BDD132 /* Debug */,
				A8F421171A83350800BDD132 /* Release */,
			);
			defaultConfigurationIsVisible = 0;
			defaultConfigurationName = Release;
		};
		A8F421181A83350800BDD132 /* Build configuration list for PBXNativeTarget "Snowman" */ = {
			isa = XCConfigurationList;
			buildConfigurations = (
				A8F421191A83350800BDD132 /* Debug */,
				A8F4211A1A83350800BDD132 /* Release */,
			);
			defaultConfigurationIsVisible = 0;
			defaultConfigurationName = Release;
		};
		A8F4211B1A83350800BDD132 /* Build configuration list for PBXNativeTarget "SnowmanTests" */ = {
			isa = XCConfigurationList;
			buildConfigurations = (
				A8F4211C1A83350800BDD132 /* Debug */,
				A8F4211D1A83350800BDD132 /* Release */,
			);
			defaultConfigurationIsVisible = 0;
			defaultConfigurationName = Release;
		};
/* End XCConfigurationList section */
	};
	rootObject = A8F420F11A83350800BDD132 /* Project object */;
}
